
Microsoft Visual Studio Solution File, Format Version 12.00
# Visual Studio Version 17
VisualStudioVersion = 17.1.32414.318
MinimumVisualStudioVersion = 10.0.40219.1
Project("{9A19103F-16F7-4668-BE54-9A1E7A4F7556}") = "PerfectReload", "PerfectReload.csproj", "{A8C39D9D-0F86-4107-99E5-F10A91F63D47}"
EndProject
Global
	GlobalSection(SolutionConfigurationPlatforms) = preSolution
		Debug|Any CPU = Debug|Any CPU
		Release|Any CPU = Release|Any CPU
	EndGlobalSection
	GlobalSection(ProjectConfigurationPlatforms) = postSolution
		{A8C39D9D-0F86-4107-99E5-F10A91F63D47}.Debug|Any CPU.ActiveCfg = Debug|Any CPU
		{A8C39D9D-0F86-4107-99E5-F10A91F63D47}.Debug|Any CPU.Build.0 = Debug|Any CPU
		{A8C39D9D-0F86-4107-99E5-F10A91F63D47}.Release|Any CPU.ActiveCfg = Release|Any CPU
		{A8C39D9D-0F86-4107-99E5-F10A91F63D47}.Release|Any CPU.Build.0 = Release|Any CPU
	EndGlobalSection
	GlobalSection(SolutionProperties) = preSolution
		HideSolutionNode = FALSE
	EndGlobalSection
	GlobalSection(ExtensibilityGlobals) = postSolution
		SolutionGuid = {2F4B4418-46A8-47D2-B85A-A7D1D0F94D3C}
	EndGlobalSection
EndGlobal
